
Microsoft Visual Studio Solution File, Format Version 12.00
# Visual Studio Version 16
VisualStudioVersion = 16.0.31105.61
MinimumVisualStudioVersion = 10.0.40219.1
Project("{FAE04EC0-301F-11D3-BF4B-00C04F79EFBC}") = "BowlingKata", "BowlingKata\BowlingKata.csproj", "{810518DF-FE79-4C36-874C-BD81071BCF87}"
EndProject
Project("{FAE04EC0-301F-11D3-BF4B-00C04F79EFBC}") = "BowlingKata.Tests", "BowlingKata.Tests\BowlingKata.Tests.csproj", "{C2634B4A-023F-41DB-8270-5C90A98B3B32}"
EndProject
Global
	GlobalSection(SolutionConfigurationPlatforms) = preSolution
		Debug|Any CPU = Debug|Any CPU
		Release|Any CPU = Release|Any CPU
	EndGlobalSection
	GlobalSection(ProjectConfigurationPlatforms) = postSolution
		{810518DF-FE79-4C36-874C-BD81071BCF87}.Debug|Any CPU.ActiveCfg = Debug|Any CPU
		{810518DF-FE79-4C36-874C-BD81071BCF87}.Debug|Any CPU.Build.0 = Debug|Any CPU
		{810518DF-FE79-4C36-874C-BD81071BCF87}.Release|Any CPU.ActiveCfg = Release|Any CPU
		{810518DF-FE79-4C36-874C-BD81071BCF87}.Release|Any CPU.Build.0 = Release|Any CPU
		{C2634B4A-023F-41DB-8270-5C90A98B3B32}.Debug|Any CPU.ActiveCfg = Debug|Any CPU
		{C2634B4A-023F-41DB-8270-5C90A98B3B32}.Debug|Any CPU.Build.0 = Debug|Any CPU
		{C2634B4A-023F-41DB-8270-5C90A98B3B32}.Release|Any CPU.ActiveCfg = Release|Any CPU
		{C2634B4A-023F-41DB-8270-5C90A98B3B32}.Release|Any CPU.Build.0 = Release|Any CPU
	EndGlobalSection
	GlobalSection(SolutionProperties) = preSolution
		HideSolutionNode = FALSE
	EndGlobalSection
	GlobalSection(ExtensibilityGlobals) = postSolution
		SolutionGuid = {69C3E05C-A8A0-4A93-B15D-6B0BB92019BF}
	EndGlobalSection
EndGlobal
